{
  "requires": true,
  "lockfileVersion": 1,
  "dependencies": {
    "klona": {
      "version": "2.0.5",
      "resolved": "https://registry.npmmirror.com/klona/-/klona-2.0.5.tgz",
      "integrity": "sha512-pJiBpiXMbt7dkzXe8Ghj/u4FfXOOa98fPW+bihOJ4SjnoijweJrNThJfd3ifXpXhREjpoF2mZVH1GfS9LV3kHQ=="
    },
    "neo-async": {
      "version": "2.6.2",
      "resolved": "https://registry.npmmirror.com/neo-async/-/neo-async-2.6.2.tgz",
      "integrity": "sha512-Yd3UES5mWCSqR+qNT93S3UoYUkqAZ9lLg8a7g9rimsWmYGK8cVToA4/sF3RrshdyV3sAGMXVUmpMYOw+dLpOuw=="
    },
    "sass-loader": {
      "version": "13.0.2",
      "resolved": "https://registry.npmmirror.com/sass-loader/-/sass-loader-13.0.2.tgz",
      "integrity": "sha512-BbiqbVmbfJaWVeOOAu2o7DhYWtcNmTfvroVgFXa6k2hHheMxNAeDHLNoDy/Q5aoaVlz0LH+MbMktKwm9vN/j8Q==",
      "requires": {
        "klona": "^2.0.4",
        "neo-async": "^2.6.2"
      }
    }
  }
}
